
Microsoft Visual Studio Solution File, Format Version 12.00
# Visual Studio Version 17
VisualStudioVersion = 17.0.32112.339
MinimumVisualStudioVersion = 10.0.40219.1
Project("{FAE04EC0-301F-11D3-BF4B-00C04F79EFBC}") = "BlazorServer", "BlazorServer\BlazorServer.csproj", "{8DE07B16-5B91-43AF-BB03-E5B251233CBB}"
EndProject
Project("{FAE04EC0-301F-11D3-BF4B-00C04F79EFBC}") = "BlazorWebAssembly", "BlazorWebAssembly\BlazorWebAssembly.csproj", "{CF61CE73-EA15-417A-8C03-3B62530B5931}"
EndProject
Global
	GlobalSection(SolutionConfigurationPlatforms) = preSolution
		Debug|Any CPU = Debug|Any CPU
		Release|Any CPU = Release|Any CPU
	EndGlobalSection
	GlobalSection(ProjectConfigurationPlatforms) = postSolution
		{8DE07B16-5B91-43AF-BB03-E5B251233CBB}.Debug|Any CPU.ActiveCfg = Debug|Any CPU
		{8DE07B16-5B91-43AF-BB03-E5B251233CBB}.Debug|Any CPU.Build.0 = Debug|Any CPU
		{8DE07B16-5B91-43AF-BB03-E5B251233CBB}.Release|Any CPU.ActiveCfg = Release|Any CPU
		{8DE07B16-5B91-43AF-BB03-E5B251233CBB}.Release|Any CPU.Build.0 = Release|Any CPU
		{CF61CE73-EA15-417A-8C03-3B62530B5931}.Debug|Any CPU.ActiveCfg = Debug|Any CPU
		{CF61CE73-EA15-417A-8C03-3B62530B5931}.Debug|Any CPU.Build.0 = Debug|Any CPU
		{CF61CE73-EA15-417A-8C03-3B62530B5931}.Release|Any CPU.ActiveCfg = Release|Any CPU
		{CF61CE73-EA15-417A-8C03-3B62530B5931}.Release|Any CPU.Build.0 = Release|Any CPU
	EndGlobalSection
	GlobalSection(SolutionProperties) = preSolution
		HideSolutionNode = FALSE
	EndGlobalSection
	GlobalSection(ExtensibilityGlobals) = postSolution
		SolutionGuid = {B18CBACD-A51F-40A8-ABC4-89B4A792DC6B}
	EndGlobalSection
EndGlobal
